<?xml version="1.0" encoding="utf-8"?>
<Project ToolsVersion="4.0" xmlns="http://schemas.microsoft.com/developer/msbuild/2003">
  <ItemGroup>
    <ClInclude Include="src\glh\glh.h" />
    <ClInclude Include="src\glh\app\Scene.h" />
    <ClInclude Include="src\glh\graphics\Camera.h" />
    <ClInclude Include="src\glh\graphics\Framebuffer.h" />
    <ClInclude Include="src\glh\graphics\LightBuffer.h" />
    <ClInclude Include="src\glh\graphics\Model.h" />
    <ClInclude Include="src\glh\graphics\Shader.h" />
    <ClInclude Include="src\glh\graphics\Skybox.h" />
    <ClInclude Include="src\glh\util\Timer.h" />
    <ClInclude Include="src\glh\util\Log.h" />
    <ClInclude Include="src\glh\graphics\Component.h" />
    <ClInclude Include="src\glh\graphics\Entity.h" />
  </ItemGroup>
  <ItemGroup>
    <ClCompile Include="src\glh\app\Scene.cpp" />
    <ClCompile Include="src\glh\graphics\Camera.cpp" />
    <ClCompile Include="src\glh\graphics\Framebuffer.cpp" />
    <ClCompile Include="src\glh\graphics\LightBuffer.cpp" />
    <ClCompile Include="src\glh\graphics\Model.cpp" />
    <ClCompile Include="src\glh\graphics\Shader.cpp" />
    <ClCompile Include="src\glh\graphics\Skybox.cpp" />
    <ClCompile Include="src\glh\thirdParty\glad.c" />
    <ClCompile Include="src\glh\thirdParty\stb_image.cpp" />
    <ClCompile Include="src\glh\util\Timer.cpp" />
    <ClCompile Include="src\glh\util\Log.cpp" />
  </ItemGroup>
</Project>