<?xml version="1.0" encoding="utf-8"?>
<Project ToolsVersion="4.0" xmlns="http://schemas.microsoft.com/developer/msbuild/2003">
  <ItemGroup>
    <Filter Include="Source Files">
      <UniqueIdentifier>{4FC737F1-C7A5-4376-A066-2A32D752A2FF}</UniqueIdentifier>
      <Extensions>cpp;c;cc;cxx;def;odl;idl;hpj;bat;asm;asmx</Extensions>
    </Filter>
    <Filter Include="Header Files">
      <UniqueIdentifier>{93995380-89BD-4b04-88EB-625FBE52EBFB}</UniqueIdentifier>
      <Extensions>h;hh;hpp;hxx;hm;inl;inc;xsd</Extensions>
    </Filter>
    <Filter Include="Resource Files">
      <UniqueIdentifier>{67DA6AB6-F800-4c08-8B7A-83BB121AAD01}</UniqueIdentifier>
      <Extensions>rc;ico;cur;bmp;dlg;rc2;rct;bin;rgs;gif;jpg;jpeg;jpe;resx;tiff;tif;png;wav;mfcribbon-ms</Extensions>
    </Filter>
    <Filter Include="Shaders">
      <UniqueIdentifier>{64232408-b963-4605-9876-89d5f6bfe2c3}</UniqueIdentifier>
    </Filter>
  </ItemGroup>
  <ItemGroup>
    <ClCompile Include="Main.cpp">
      <Filter>Source Files</Filter>
    </ClCompile>
  </ItemGroup>
  <ItemGroup>
    <None Include="..\bin\Data\Shaders\fragment.fs">
      <Filter>Shaders</Filter>
    </None>
    <None Include="..\bin\Data\Shaders\vertex.vs">
      <Filter>Shaders</Filter>
    </None>
    <None Include="..\bin\Data\Shaders\skybox.fs">
      <Filter>Shaders</Filter>
    </None>
    <None Include="..\bin\Data\Shaders\skybox.vs">
      <Filter>Shaders</Filter>
    </None>
    <None Include="..\bin\Data\Shaders\screenQuad.fs">
      <Filter>Shaders</Filter>
    </None>
    <None Include="..\bin\Data\Shaders\screenQuad.vs">
      <Filter>Shaders</Filter>
    </None>
    <None Include="..\bin\Data\Shaders\pbr.fs">
      <Filter>Shaders</Filter>
    </None>
    <None Include="..\bin\Data\Shaders\pbr.vs">
      <Filter>Shaders</Filter>
    </None>
  </ItemGroup>
</Project>